// !$*UTF8*$!
{
	archiveVersion = 1;
	classes = {
	};
	objectVersion = 50;
	objects = {

/* Begin PBXBuildFile section */
		2A0119C5233D108000C5C0A6 /* DrinkCollectionViewCell.swift in Sources */ = {isa = PBXBuildFile; fileRef = 2A0119C4233D108000C5C0A6 /* DrinkCollectionViewCell.swift */; };
		2A22B4302406043200FA7056 /* CacheManager.swift in Sources */ = {isa = PBXBuildFile; fileRef = 2A22B42F2406043200FA7056 /* CacheManager.swift */; };
		2A22B434240622F400FA7056 /* UIViewController+Extension.swift in Sources */ = {isa = PBXBuildFile; fileRef = 2A22B433240622F400FA7056 /* UIViewController+Extension.swift */; };
		2A22B437240639E200FA7056 /* WFError.swift in Sources */ = {isa = PBXBuildFile; fileRef = 2A22B436240639E200FA7056 /* WFError.swift */; };
		2A29801D240774E200247D30 /* WFSuccess.swift in Sources */ = {isa = PBXBuildFile; fileRef = 2A29801C240774E200247D30 /* WFSuccess.swift */; };
		2A448107233F568500BE602D /* UIView+Extensions.swift in Sources */ = {isa = PBXBuildFile; fileRef = 2A448106233F568500BE602D /* UIView+Extensions.swift */; };
		2A53D2E22337302400506AFD /* SpinnerViewController.swift in Sources */ = {isa = PBXBuildFile; fileRef = 2A53D2E12337302400506AFD /* SpinnerViewController.swift */; };
		2A5B0FF12339F03D007C977B /* DrinkList.swift in Sources */ = {isa = PBXBuildFile; fileRef = 2A5B0FF02339F03D007C977B /* DrinkList.swift */; };
		2A75D36E2351831600FC2FB2 /* DrinkSearchViewController.swift in Sources */ = {isa = PBXBuildFile; fileRef = 2A75D36D2351831600FC2FB2 /* DrinkSearchViewController.swift */; };
		2A768EEC233D02EF00D694C7 /* DrinkTableViewCell.swift in Sources */ = {isa = PBXBuildFile; fileRef = 2A768EEB233D02EF00D694C7 /* DrinkTableViewCell.swift */; };
		2A9F8E00240CF3A4006CC7CC /* WFEmptyStateView.swift in Sources */ = {isa = PBXBuildFile; fileRef = 2A9F8DFF240CF3A4006CC7CC /* WFEmptyStateView.swift */; };
		2A9F8E02240D0B19006CC7CC /* UITableView+Extension.swift in Sources */ = {isa = PBXBuildFile; fileRef = 2A9F8E01240D0B19006CC7CC /* UITableView+Extension.swift */; };
		2A9F8E04240DE3A9006CC7CC /* ViewControllerSender.swift in Sources */ = {isa = PBXBuildFile; fileRef = 2A9F8E03240DE3A9006CC7CC /* ViewControllerSender.swift */; };
		2AA67067232632B9006534F0 /* AppDelegate.swift in Sources */ = {isa = PBXBuildFile; fileRef = 2AA67066232632B9006534F0 /* AppDelegate.swift */; };
		2AA6706C232632B9006534F0 /* Main.storyboard in Resources */ = {isa = PBXBuildFile; fileRef = 2AA6706A232632B9006534F0 /* Main.storyboard */; };
		2AA6706E232632BA006534F0 /* Assets.xcassets in Resources */ = {isa = PBXBuildFile; fileRef = 2AA6706D232632BA006534F0 /* Assets.xcassets */; };
		2AA67071232632BA006534F0 /* LaunchScreen.storyboard in Resources */ = {isa = PBXBuildFile; fileRef = 2AA6706F232632BA006534F0 /* LaunchScreen.storyboard */; };
		2AA6709523263CD4006534F0 /* DrinkDetailsViewController.swift in Sources */ = {isa = PBXBuildFile; fileRef = 2AA6709423263CD4006534F0 /* DrinkDetailsViewController.swift */; };
		2AA6709723263EF9006534F0 /* Drink.swift in Sources */ = {isa = PBXBuildFile; fileRef = 2AA6709623263EF9006534F0 /* Drink.swift */; };
		2AA670AB2327A3D4006534F0 /* NetworkManager.swift in Sources */ = {isa = PBXBuildFile; fileRef = 2AA670AA2327A3D4006534F0 /* NetworkManager.swift */; };
		2AA670AD2327ABFC006534F0 /* DrinksTableViewController.swift in Sources */ = {isa = PBXBuildFile; fileRef = 2AA670AC2327ABFC006534F0 /* DrinksTableViewController.swift */; };
		2ACB7FDC2408908F00B3B14B /* Drinks.swift in Sources */ = {isa = PBXBuildFile; fileRef = 2ACB7FDB2408908F00B3B14B /* Drinks.swift */; };
		2ACEB3B8234CB517006D47B5 /* DataPersistenceManager.swift in Sources */ = {isa = PBXBuildFile; fileRef = 2ACEB3B7234CB517006D47B5 /* DataPersistenceManager.swift */; };
		2AE51B492409EC150022F22E /* SFSymbol.swift in Sources */ = {isa = PBXBuildFile; fileRef = 2AE51B482409EC150022F22E /* SFSymbol.swift */; };
		2AE51B4B2409ECAC0022F22E /* Emoji.swift in Sources */ = {isa = PBXBuildFile; fileRef = 2AE51B4A2409ECAC0022F22E /* Emoji.swift */; };
		2AF1704D2346D3CC00DD206A /* DrinkCollectionViewCell.xib in Resources */ = {isa = PBXBuildFile; fileRef = 2AF1704B2346D3CC00DD206A /* DrinkCollectionViewCell.xib */; };
/* End PBXBuildFile section */

/* Begin PBXFileReference section */
		2A0119C4233D108000C5C0A6 /* DrinkCollectionViewCell.swift */ = {isa = PBXFileReference; lastKnownFileType = sourcecode.swift; path = DrinkCollectionViewCell.swift; sourceTree = "<group>"; };
		2A22B42F2406043200FA7056 /* CacheManager.swift */ = {isa = PBXFileReference; lastKnownFileType = sourcecode.swift; path = CacheManager.swift; sourceTree = "<group>"; };
		2A22B433240622F400FA7056 /* UIViewController+Extension.swift */ = {isa = PBXFileReference; lastKnownFileType = sourcecode.swift; name = "UIViewController+Extension.swift"; path = "CO2/Controllers/UIViewController+Extension.swift"; sourceTree = SOURCE_ROOT; };
		2A22B436240639E200FA7056 /* WFError.swift */ = {isa = PBXFileReference; lastKnownFileType = sourcecode.swift; path = WFError.swift; sourceTree = "<group>"; };
		2A29801C240774E200247D30 /* WFSuccess.swift */ = {isa = PBXFileReference; lastKnownFileType = sourcecode.swift; path = WFSuccess.swift; sourceTree = "<group>"; };
		2A448106233F568500BE602D /* UIView+Extensions.swift */ = {isa = PBXFileReference; fileEncoding = 4; lastKnownFileType = sourcecode.swift; path = "UIView+Extensions.swift"; sourceTree = "<group>"; };
		2A53D2E12337302400506AFD /* SpinnerViewController.swift */ = {isa = PBXFileReference; lastKnownFileType = sourcecode.swift; path = SpinnerViewController.swift; sourceTree = "<group>"; };
		2A5B0FF02339F03D007C977B /* DrinkList.swift */ = {isa = PBXFileReference; lastKnownFileType = sourcecode.swift; path = DrinkList.swift; sourceTree = "<group>"; };
		2A75D36D2351831600FC2FB2 /* DrinkSearchViewController.swift */ = {isa = PBXFileReference; lastKnownFileType = sourcecode.swift; path = DrinkSearchViewController.swift; sourceTree = "<group>"; };
		2A768EEB233D02EF00D694C7 /* DrinkTableViewCell.swift */ = {isa = PBXFileReference; lastKnownFileType = sourcecode.swift; path = DrinkTableViewCell.swift; sourceTree = "<group>"; };
		2A9F8DFF240CF3A4006CC7CC /* WFEmptyStateView.swift */ = {isa = PBXFileReference; lastKnownFileType = sourcecode.swift; path = WFEmptyStateView.swift; sourceTree = "<group>"; };
		2A9F8E01240D0B19006CC7CC /* UITableView+Extension.swift */ = {isa = PBXFileReference; lastKnownFileType = sourcecode.swift; path = "UITableView+Extension.swift"; sourceTree = "<group>"; };
		2A9F8E03240DE3A9006CC7CC /* ViewControllerSender.swift */ = {isa = PBXFileReference; lastKnownFileType = sourcecode.swift; path = ViewControllerSender.swift; sourceTree = "<group>"; };
		2AA67063232632B9006534F0 /* Waiter's Friend.app */ = {isa = PBXFileReference; explicitFileType = wrapper.application; includeInIndex = 0; path = "Waiter's Friend.app"; sourceTree = BUILT_PRODUCTS_DIR; };
		2AA67066232632B9006534F0 /* AppDelegate.swift */ = {isa = PBXFileReference; lastKnownFileType = sourcecode.swift; path = AppDelegate.swift; sourceTree = "<group>"; };
		2AA6706B232632B9006534F0 /* Base */ = {isa = PBXFileReference; lastKnownFileType = file.storyboard; name = Base; path = Base.lproj/Main.storyboard; sourceTree = "<group>"; };
		2AA6706D232632BA006534F0 /* Assets.xcassets */ = {isa = PBXFileReference; lastKnownFileType = folder.assetcatalog; path = Assets.xcassets; sourceTree = "<group>"; };
		2AA67070232632BA006534F0 /* Base */ = {isa = PBXFileReference; lastKnownFileType = file.storyboard; name = Base; path = Base.lproj/LaunchScreen.storyboard; sourceTree = "<group>"; };
		2AA67072232632BA006534F0 /* Info.plist */ = {isa = PBXFileReference; lastKnownFileType = text.plist.xml; path = Info.plist; sourceTree = "<group>"; };
		2AA6709423263CD4006534F0 /* DrinkDetailsViewController.swift */ = {isa = PBXFileReference; lastKnownFileType = sourcecode.swift; path = DrinkDetailsViewController.swift; sourceTree = "<group>"; };
		2AA6709623263EF9006534F0 /* Drink.swift */ = {isa = PBXFileReference; lastKnownFileType = sourcecode.swift; path = Drink.swift; sourceTree = "<group>"; };
		2AA670AA2327A3D4006534F0 /* NetworkManager.swift */ = {isa = PBXFileReference; lastKnownFileType = sourcecode.swift; path = NetworkManager.swift; sourceTree = "<group>"; };
		2AA670AC2327ABFC006534F0 /* DrinksTableViewController.swift */ = {isa = PBXFileReference; lastKnownFileType = sourcecode.swift; path = DrinksTableViewController.swift; sourceTree = "<group>"; };
		2ACB7FDB2408908F00B3B14B /* Drinks.swift */ = {isa = PBXFileReference; lastKnownFileType = sourcecode.swift; path = Drinks.swift; sourceTree = "<group>"; };
		2ACEB3B7234CB517006D47B5 /* DataPersistenceManager.swift */ = {isa = PBXFileReference; lastKnownFileType = sourcecode.swift; path = DataPersistenceManager.swift; sourceTree = "<group>"; };
		2AE51B482409EC150022F22E /* SFSymbol.swift */ = {isa = PBXFileReference; lastKnownFileType = sourcecode.swift; path = SFSymbol.swift; sourceTree = "<group>"; };
		2AE51B4A2409ECAC0022F22E /* Emoji.swift */ = {isa = PBXFileReference; lastKnownFileType = sourcecode.swift; path = Emoji.swift; sourceTree = "<group>"; };
		2AF1704B2346D3CC00DD206A /* DrinkCollectionViewCell.xib */ = {isa = PBXFileReference; lastKnownFileType = file.xib; path = DrinkCollectionViewCell.xib; sourceTree = "<group>"; };
/* End PBXFileReference section */

/* Begin PBXFrameworksBuildPhase section */
		2AA67060232632B9006534F0 /* Frameworks */ = {
			isa = PBXFrameworksBuildPhase;
			buildActionMask = 2147483647;
			files = (
			);
			runOnlyForDeploymentPostprocessing = 0;
		};
/* End PBXFrameworksBuildPhase section */

/* Begin PBXGroup section */
		2A22B4352406398C00FA7056 /* Enums */ = {
			isa = PBXGroup;
			children = (
				2A22B436240639E200FA7056 /* WFError.swift */,
				2A29801C240774E200247D30 /* WFSuccess.swift */,
				2AE51B482409EC150022F22E /* SFSymbol.swift */,
				2AE51B4A2409ECAC0022F22E /* Emoji.swift */,
				2A9F8E03240DE3A9006CC7CC /* ViewControllerSender.swift */,
			);
			path = Enums;
			sourceTree = "<group>";
		};
		2A4D28A72405F6090016BE1C /* Managers */ = {
			isa = PBXGroup;
			children = (
				2AA670AA2327A3D4006534F0 /* NetworkManager.swift */,
				2ACEB3B7234CB517006D47B5 /* DataPersistenceManager.swift */,
				2A22B42F2406043200FA7056 /* CacheManager.swift */,
			);
			path = Managers;
			sourceTree = "<group>";
		};
		2A4D28A82405F65A0016BE1C /* Views */ = {
			isa = PBXGroup;
			children = (
				2A768EEB233D02EF00D694C7 /* DrinkTableViewCell.swift */,
				2A0119C4233D108000C5C0A6 /* DrinkCollectionViewCell.swift */,
				2AF1704B2346D3CC00DD206A /* DrinkCollectionViewCell.xib */,
				2A9F8DFF240CF3A4006CC7CC /* WFEmptyStateView.swift */,
			);
			path = Views;
			sourceTree = "<group>";
		};
		2A4D28A92405F70D0016BE1C /* Support */ = {
			isa = PBXGroup;
			children = (
				2AA67066232632B9006534F0 /* AppDelegate.swift */,
			);
			path = Support;
			sourceTree = "<group>";
		};
		2A5B0FF4233C8DA2007C977B /* Models */ = {
			isa = PBXGroup;
			children = (
				2A5B0FF02339F03D007C977B /* DrinkList.swift */,
				2AA6709623263EF9006534F0 /* Drink.swift */,
				2ACB7FDB2408908F00B3B14B /* Drinks.swift */,
			);
			path = Models;
			sourceTree = "<group>";
		};
		2A5B0FF6233C8DEF007C977B /* Controllers */ = {
			isa = PBXGroup;
			children = (
				2AA670AC2327ABFC006534F0 /* DrinksTableViewController.swift */,
				2A75D36D2351831600FC2FB2 /* DrinkSearchViewController.swift */,
				2AA6709423263CD4006534F0 /* DrinkDetailsViewController.swift */,
				2A53D2E12337302400506AFD /* SpinnerViewController.swift */,
			);
			path = Controllers;
			sourceTree = "<group>";
		};
		2AA6705A232632B9006534F0 = {
			isa = PBXGroup;
			children = (
				2AA67065232632B9006534F0 /* CO2 */,
				2AA67064232632B9006534F0 /* Products */,
			);
			sourceTree = "<group>";
		};
		2AA67064232632B9006534F0 /* Products */ = {
			isa = PBXGroup;
			children = (
				2AA67063232632B9006534F0 /* Waiter's Friend.app */,
			);
			name = Products;
			sourceTree = "<group>";
		};
		2AA67065232632B9006534F0 /* CO2 */ = {
			isa = PBXGroup;
			children = (
				2A4D28A92405F70D0016BE1C /* Support */,
				2A22B4352406398C00FA7056 /* Enums */,
				2A4D28A72405F6090016BE1C /* Managers */,
				2AE939ED2344D1EC0039AAE2 /* Extensions */,
				2A5B0FF4233C8DA2007C977B /* Models */,
				2A4D28A82405F65A0016BE1C /* Views */,
				2A5B0FF6233C8DEF007C977B /* Controllers */,
				2AA6706A232632B9006534F0 /* Main.storyboard */,
				2AA6706F232632BA006534F0 /* LaunchScreen.storyboard */,
				2AA6706D232632BA006534F0 /* Assets.xcassets */,
				2AA67072232632BA006534F0 /* Info.plist */,
			);
			path = CO2;
			sourceTree = "<group>";
		};
		2AE939ED2344D1EC0039AAE2 /* Extensions */ = {
			isa = PBXGroup;
			children = (
				2A22B433240622F400FA7056 /* UIViewController+Extension.swift */,
				2A9F8E01240D0B19006CC7CC /* UITableView+Extension.swift */,
				2A448106233F568500BE602D /* UIView+Extensions.swift */,
			);
			path = Extensions;
			sourceTree = "<group>";
		};
/* End PBXGroup section */

/* Begin PBXNativeTarget section */
		2AA67062232632B9006534F0 /* WaitersFriend */ = {
			isa = PBXNativeTarget;
			buildConfigurationList = 2AA6708B232632BA006534F0 /* Build configuration list for PBXNativeTarget "WaitersFriend" */;
			buildPhases = (
				2AA6705F232632B9006534F0 /* Sources */,
				2AA67060232632B9006534F0 /* Frameworks */,
				2AA67061232632B9006534F0 /* Resources */,
			);
			buildRules = (
			);
			dependencies = (
			);
			name = WaitersFriend;
			productName = CO2;
			productReference = 2AA67063232632B9006534F0 /* Waiter's Friend.app */;
			productType = "com.apple.product-type.application";
		};
/* End PBXNativeTarget section */

/* Begin PBXProject section */
		2AA6705B232632B9006534F0 /* Project object */ = {
			isa = PBXProject;
			attributes = {
				LastSwiftUpdateCheck = 1030;
				LastUpgradeCheck = 1030;
				ORGANIZATIONNAME = "SDI Group Inc.";
				TargetAttributes = {
					2AA67062232632B9006534F0 = {
						CreatedOnToolsVersion = 10.3;
					};
				};
			};
			buildConfigurationList = 2AA6705E232632B9006534F0 /* Build configuration list for PBXProject "WaitersFriend" */;
			compatibilityVersion = "Xcode 9.3";
			developmentRegion = en;
			hasScannedForEncodings = 0;
			knownRegions = (
				en,
				Base,
			);
			mainGroup = 2AA6705A232632B9006534F0;
			productRefGroup = 2AA67064232632B9006534F0 /* Products */;
			projectDirPath = "";
			projectRoot = "";
			targets = (
				2AA67062232632B9006534F0 /* WaitersFriend */,
			);
		};
/* End PBXProject section */

/* Begin PBXResourcesBuildPhase section */
		2AA67061232632B9006534F0 /* Resources */ = {
			isa = PBXResourcesBuildPhase;
			buildActionMask = 2147483647;
			files = (
				2AA67071232632BA006534F0 /* LaunchScreen.storyboard in Resources */,
				2AF1704D2346D3CC00DD206A /* DrinkCollectionViewCell.xib in Resources */,
				2AA6706E232632BA006534F0 /* Assets.xcassets in Resources */,
				2AA6706C232632B9006534F0 /* Main.storyboard in Resources */,
			);
			runOnlyForDeploymentPostprocessing = 0;
		};
/* End PBXResourcesBuildPhase section */

/* Begin PBXSourcesBuildPhase section */
		2AA6705F232632B9006534F0 /* Sources */ = {
			isa = PBXSourcesBuildPhase;
			buildActionMask = 2147483647;
			files = (
				2A22B434240622F400FA7056 /* UIViewController+Extension.swift in Sources */,
				2ACEB3B8234CB517006D47B5 /* DataPersistenceManager.swift in Sources */,
				2A9F8E02240D0B19006CC7CC /* UITableView+Extension.swift in Sources */,
				2AA670AB2327A3D4006534F0 /* NetworkManager.swift in Sources */,
				2A0119C5233D108000C5C0A6 /* DrinkCollectionViewCell.swift in Sources */,
				2A9F8E04240DE3A9006CC7CC /* ViewControllerSender.swift in Sources */,
				2A22B437240639E200FA7056 /* WFError.swift in Sources */,
				2A9F8E00240CF3A4006CC7CC /* WFEmptyStateView.swift in Sources */,
				2A448107233F568500BE602D /* UIView+Extensions.swift in Sources */,
				2AA6709523263CD4006534F0 /* DrinkDetailsViewController.swift in Sources */,
				2A5B0FF12339F03D007C977B /* DrinkList.swift in Sources */,
				2AE51B492409EC150022F22E /* SFSymbol.swift in Sources */,
				2A22B4302406043200FA7056 /* CacheManager.swift in Sources */,
				2A768EEC233D02EF00D694C7 /* DrinkTableViewCell.swift in Sources */,
				2AA67067232632B9006534F0 /* AppDelegate.swift in Sources */,
				2AA670AD2327ABFC006534F0 /* DrinksTableViewController.swift in Sources */,
				2AA6709723263EF9006534F0 /* Drink.swift in Sources */,
				2AE51B4B2409ECAC0022F22E /* Emoji.swift in Sources */,
				2A29801D240774E200247D30 /* WFSuccess.swift in Sources */,
				2A53D2E22337302400506AFD /* SpinnerViewController.swift in Sources */,
				2A75D36E2351831600FC2FB2 /* DrinkSearchViewController.swift in Sources */,
				2ACB7FDC2408908F00B3B14B /* Drinks.swift in Sources */,
			);
			runOnlyForDeploymentPostprocessing = 0;
		};
/* End PBXSourcesBuildPhase section */

/* Begin PBXVariantGroup section */
		2AA6706A232632B9006534F0 /* Main.storyboard */ = {
			isa = PBXVariantGroup;
			children = (
				2AA6706B232632B9006534F0 /* Base */,
			);
			name = Main.storyboard;
			sourceTree = "<group>";
		};
		2AA6706F232632BA006534F0 /* LaunchScreen.storyboard */ = {
			isa = PBXVariantGroup;
			children = (
				2AA67070232632BA006534F0 /* Base */,
			);
			name = LaunchScreen.storyboard;
			sourceTree = "<group>";
		};
/* End PBXVariantGroup section */

/* Begin XCBuildConfiguration section */
		2AA67089232632BA006534F0 /* Debug */ = {
			isa = XCBuildConfiguration;
			buildSettings = {
				ALWAYS_SEARCH_USER_PATHS = NO;
				CLANG_ANALYZER_NONNULL = YES;
				CLANG_ANALYZER_NUMBER_OBJECT_CONVERSION = YES_AGGRESSIVE;
				CLANG_CXX_LANGUAGE_STANDARD = "gnu++14";
				CLANG_CXX_LIBRARY = "libc++";
				CLANG_ENABLE_MODULES = YES;
				CLANG_ENABLE_OBJC_ARC = YES;
				CLANG_ENABLE_OBJC_WEAK = YES;
				CLANG_WARN_BLOCK_CAPTURE_AUTORELEASING = YES;
				CLANG_WARN_BOOL_CONVERSION = YES;
				CLANG_WARN_COMMA = YES;
				CLANG_WARN_CONSTANT_CONVERSION = YES;
				CLANG_WARN_DEPRECATED_OBJC_IMPLEMENTATIONS = YES;
				CLANG_WARN_DIRECT_OBJC_ISA_USAGE = YES_ERROR;
				CLANG_WARN_DOCUMENTATION_COMMENTS = YES;
				CLANG_WARN_EMPTY_BODY = YES;
				CLANG_WARN_ENUM_CONVERSION = YES;
				CLANG_WARN_INFINITE_RECURSION = YES;
				CLANG_WARN_INT_CONVERSION = YES;
				CLANG_WARN_NON_LITERAL_NULL_CONVERSION = YES;
				CLANG_WARN_OBJC_IMPLICIT_RETAIN_SELF = YES;
				CLANG_WARN_OBJC_LITERAL_CONVERSION = YES;
				CLANG_WARN_OBJC_ROOT_CLASS = YES_ERROR;
				CLANG_WARN_RANGE_LOOP_ANALYSIS = YES;
				CLANG_WARN_STRICT_PROTOTYPES = YES;
				CLANG_WARN_SUSPICIOUS_MOVE = YES;
				CLANG_WARN_UNGUARDED_AVAILABILITY = YES_AGGRESSIVE;
				CLANG_WARN_UNREACHABLE_CODE = YES;
				CLANG_WARN__DUPLICATE_METHOD_MATCH = YES;
				CODE_SIGN_IDENTITY = "iPhone Developer";
				COPY_PHASE_STRIP = NO;
				DEBUG_INFORMATION_FORMAT = dwarf;
				ENABLE_STRICT_OBJC_MSGSEND = YES;
				ENABLE_TESTABILITY = YES;
				GCC_C_LANGUAGE_STANDARD = gnu11;
				GCC_DYNAMIC_NO_PIC = NO;
				GCC_NO_COMMON_BLOCKS = YES;
				GCC_OPTIMIZATION_LEVEL = 0;
				GCC_PREPROCESSOR_DEFINITIONS = (
					"DEBUG=1",
					"$(inherited)",
				);
				GCC_WARN_64_TO_32_BIT_CONVERSION = YES;
				GCC_WARN_ABOUT_RETURN_TYPE = YES_ERROR;
				GCC_WARN_UNDECLARED_SELECTOR = YES;
				GCC_WARN_UNINITIALIZED_AUTOS = YES_AGGRESSIVE;
				GCC_WARN_UNUSED_FUNCTION = YES;
				GCC_WARN_UNUSED_VARIABLE = YES;
				IPHONEOS_DEPLOYMENT_TARGET = 12.4;
				MTL_ENABLE_DEBUG_INFO = INCLUDE_SOURCE;
				MTL_FAST_MATH = YES;
				ONLY_ACTIVE_ARCH = YES;
				SDKROOT = iphoneos;
				SWIFT_ACTIVE_COMPILATION_CONDITIONS = DEBUG;
				SWIFT_OPTIMIZATION_LEVEL = "-Onone";
			};
			name = Debug;
		};
		2AA6708A232632BA006534F0 /* Release */ = {
			isa = XCBuildConfiguration;
			buildSettings = {
				ALWAYS_SEARCH_USER_PATHS = NO;
				CLANG_ANALYZER_NONNULL = YES;
				CLANG_ANALYZER_NUMBER_OBJECT_CONVERSION = YES_AGGRESSIVE;
				CLANG_CXX_LANGUAGE_STANDARD = "gnu++14";
				CLANG_CXX_LIBRARY = "libc++";
				CLANG_ENABLE_MODULES = YES;
				CLANG_ENABLE_OBJC_ARC = YES;
				CLANG_ENABLE_OBJC_WEAK = YES;
				CLANG_WARN_BLOCK_CAPTURE_AUTORELEASING = YES;
				CLANG_WARN_BOOL_CONVERSION = YES;
				CLANG_WARN_COMMA = YES;
				CLANG_WARN_CONSTANT_CONVERSION = YES;
				CLANG_WARN_DEPRECATED_OBJC_IMPLEMENTATIONS = YES;
				CLANG_WARN_DIRECT_OBJC_ISA_USAGE = YES_ERROR;
				CLANG_WARN_DOCUMENTATION_COMMENTS = YES;
				CLANG_WARN_EMPTY_BODY = YES;
				CLANG_WARN_ENUM_CONVERSION = YES;
				CLANG_WARN_INFINITE_RECURSION = YES;
				CLANG_WARN_INT_CONVERSION = YES;
				CLANG_WARN_NON_LITERAL_NULL_CONVERSION = YES;
				CLANG_WARN_OBJC_IMPLICIT_RETAIN_SELF = YES;
				CLANG_WARN_OBJC_LITERAL_CONVERSION = YES;
				CLANG_WARN_OBJC_ROOT_CLASS = YES_ERROR;
				CLANG_WARN_RANGE_LOOP_ANALYSIS = YES;
				CLANG_WARN_STRICT_PROTOTYPES = YES;
				CLANG_WARN_SUSPICIOUS_MOVE = YES;
				CLANG_WARN_UNGUARDED_AVAILABILITY = YES_AGGRESSIVE;
				CLANG_WARN_UNREACHABLE_CODE = YES;
				CLANG_WARN__DUPLICATE_METHOD_MATCH = YES;
				CODE_SIGN_IDENTITY = "iPhone Developer";
				COPY_PHASE_STRIP = NO;
				DEBUG_INFORMATION_FORMAT = "dwarf-with-dsym";
				ENABLE_NS_ASSERTIONS = NO;
				ENABLE_STRICT_OBJC_MSGSEND = YES;
				GCC_C_LANGUAGE_STANDARD = gnu11;
				GCC_NO_COMMON_BLOCKS = YES;
				GCC_WARN_64_TO_32_BIT_CONVERSION = YES;
				GCC_WARN_ABOUT_RETURN_TYPE = YES_ERROR;
				GCC_WARN_UNDECLARED_SELECTOR = YES;
				GCC_WARN_UNINITIALIZED_AUTOS = YES_AGGRESSIVE;
				GCC_WARN_UNUSED_FUNCTION = YES;
				GCC_WARN_UNUSED_VARIABLE = YES;
				IPHONEOS_DEPLOYMENT_TARGET = 12.4;
				MTL_ENABLE_DEBUG_INFO = NO;
				MTL_FAST_MATH = YES;
				SDKROOT = iphoneos;
				SWIFT_COMPILATION_MODE = wholemodule;
				SWIFT_OPTIMIZATION_LEVEL = "-O";
				VALIDATE_PRODUCT = YES;
			};
			name = Release;
		};
		2AA6708C232632BA006534F0 /* Debug */ = {
			isa = XCBuildConfiguration;
			buildSettings = {
				ASSETCATALOG_COMPILER_APPICON_NAME = AppIcon;
				CODE_SIGN_STYLE = Automatic;
				DEVELOPMENT_TEAM = 3KZZ5Z37DJ;
				INFOPLIST_FILE = "$(SRCROOT)/CO2/Info.plist";
				IPHONEOS_DEPLOYMENT_TARGET = 13.0;
				LD_RUNPATH_SEARCH_PATHS = (
					"$(inherited)",
					"@executable_path/Frameworks",
				);
				PRODUCT_BUNDLE_IDENTIFIER = com.magicaltomato.waitersfriend;
				PRODUCT_NAME = "Waiter's Friend";
				SWIFT_VERSION = 5.0;
				TARGETED_DEVICE_FAMILY = 1;
			};
			name = Debug;
		};
		2AA6708D232632BA006534F0 /* Release */ = {
			isa = XCBuildConfiguration;
			buildSettings = {
				ASSETCATALOG_COMPILER_APPICON_NAME = AppIcon;
				CODE_SIGN_STYLE = Automatic;
				DEVELOPMENT_TEAM = 3KZZ5Z37DJ;
				INFOPLIST_FILE = "$(SRCROOT)/CO2/Info.plist";
				IPHONEOS_DEPLOYMENT_TARGET = 13.0;
				LD_RUNPATH_SEARCH_PATHS = (
					"$(inherited)",
					"@executable_path/Frameworks",
				);
				PRODUCT_BUNDLE_IDENTIFIER = com.magicaltomato.waitersfriend;
				PRODUCT_NAME = "Waiter's Friend";
				SWIFT_VERSION = 5.0;
				TARGETED_DEVICE_FAMILY = 1;
			};
			name = Release;
		};
/* End XCBuildConfiguration section */

/* Begin XCConfigurationList section */
		2AA6705E232632B9006534F0 /* Build configuration list for PBXProject "WaitersFriend" */ = {
			isa = XCConfigurationList;
			buildConfigurations = (
				2AA67089232632BA006534F0 /* Debug */,
				2AA6708A232632BA006534F0 /* Release */,
			);
			defaultConfigurationIsVisible = 0;
			defaultConfigurationName = Release;
		};
		2AA6708B232632BA006534F0 /* Build configuration list for PBXNativeTarget "WaitersFriend" */ = {
			isa = XCConfigurationList;
			buildConfigurations = (
				2AA6708C232632BA006534F0 /* Debug */,
				2AA6708D232632BA006534F0 /* Release */,
			);
			defaultConfigurationIsVisible = 0;
			defaultConfigurationName = Release;
		};
/* End XCConfigurationList section */
	};
	rootObject = 2AA6705B232632B9006534F0 /* Project object */;
}
